
Microsoft Visual Studio Solution File, Format Version 12.00
# Visual Studio Version 16
VisualStudioVersion = 16.0.31112.23
MinimumVisualStudioVersion = 10.0.40219.1
Project("{9A19103F-16F7-4668-BE54-9A1E7A4F7556}") = "Downloader.Blazor.Server", "Downloader.Blazor\Server\Downloader.Blazor.Server.csproj", "{67F22EB3-380F-48B6-9B9D-2C383C16D8DE}"
EndProject
Project("{9A19103F-16F7-4668-BE54-9A1E7A4F7556}") = "Downloader.Blazor.Client", "Downloader.Blazor\Client\Downloader.Blazor.Client.csproj", "{227A96FB-D110-4281-97C0-4CC379BA852B}"
EndProject
Project("{9A19103F-16F7-4668-BE54-9A1E7A4F7556}") = "Downloader.Blazor.Shared", "Downloader.Blazor\Shared\Downloader.Blazor.Shared.csproj", "{BD116159-AB92-423E-BAF6-6E9E038881FE}"
EndProject
Project("{9A19103F-16F7-4668-BE54-9A1E7A4F7556}") = "Downloader.Services", "Downloader.Services\Downloader.Services.csproj", "{1F494316-87C9-4BDB-80F4-656F56505867}"
EndProject
Project("{9A19103F-16F7-4668-BE54-9A1E7A4F7556}") = "Downloader.Console", "Downloader.Console\Downloader.Console.csproj", "{6E1FB8DB-9F5A-46D8-9520-F6B26293FEF4}"
EndProject
Project("{9A19103F-16F7-4668-BE54-9A1E7A4F7556}") = "Downloader.Tests", "Downloader.Tests\Downloader.Tests.csproj", "{CC917E33-6F55-4675-B719-F4F91CA6FE49}"
EndProject
Project("{9A19103F-16F7-4668-BE54-9A1E7A4F7556}") = "Downloader.APIClient", "Downloader.APIClient\Downloader.APIClient.csproj", "{CC032924-D7BE-479F-ACEC-C2C941DBB52D}"
EndProject
Project("{9A19103F-16F7-4668-BE54-9A1E7A4F7556}") = "LeaderPivot.Blazor", "..\LeaderPivot.Blazor\LeaderPivot.Blazor\LeaderPivot.Blazor.csproj", "{5B2E3696-3F65-4947-8666-EB9E18E0B2E2}"
EndProject
Project("{9A19103F-16F7-4668-BE54-9A1E7A4F7556}") = "LeaderPivot", "..\LeaderPivot\LeaderPivot\LeaderPivot.csproj", "{0AE1D368-9F43-4E5D-83AB-978C3C337DD1}"
EndProject
Global
	GlobalSection(SolutionConfigurationPlatforms) = preSolution
		Debug|Any CPU = Debug|Any CPU
		Release|Any CPU = Release|Any CPU
	EndGlobalSection
	GlobalSection(ProjectConfigurationPlatforms) = postSolution
		{67F22EB3-380F-48B6-9B9D-2C383C16D8DE}.Debug|Any CPU.ActiveCfg = Debug|Any CPU
		{67F22EB3-380F-48B6-9B9D-2C383C16D8DE}.Debug|Any CPU.Build.0 = Debug|Any CPU
		{67F22EB3-380F-48B6-9B9D-2C383C16D8DE}.Release|Any CPU.ActiveCfg = Release|Any CPU
		{67F22EB3-380F-48B6-9B9D-2C383C16D8DE}.Release|Any CPU.Build.0 = Release|Any CPU
		{227A96FB-D110-4281-97C0-4CC379BA852B}.Debug|Any CPU.ActiveCfg = Debug|Any CPU
		{227A96FB-D110-4281-97C0-4CC379BA852B}.Debug|Any CPU.Build.0 = Debug|Any CPU
		{227A96FB-D110-4281-97C0-4CC379BA852B}.Release|Any CPU.ActiveCfg = Release|Any CPU
		{227A96FB-D110-4281-97C0-4CC379BA852B}.Release|Any CPU.Build.0 = Release|Any CPU
		{BD116159-AB92-423E-BAF6-6E9E038881FE}.Debug|Any CPU.ActiveCfg = Debug|Any CPU
		{BD116159-AB92-423E-BAF6-6E9E038881FE}.Debug|Any CPU.Build.0 = Debug|Any CPU
		{BD116159-AB92-423E-BAF6-6E9E038881FE}.Release|Any CPU.ActiveCfg = Release|Any CPU
		{BD116159-AB92-423E-BAF6-6E9E038881FE}.Release|Any CPU.Build.0 = Release|Any CPU
		{1F494316-87C9-4BDB-80F4-656F56505867}.Debug|Any CPU.ActiveCfg = Debug|Any CPU
		{1F494316-87C9-4BDB-80F4-656F56505867}.Debug|Any CPU.Build.0 = Debug|Any CPU
		{1F494316-87C9-4BDB-80F4-656F56505867}.Release|Any CPU.ActiveCfg = Release|Any CPU
		{1F494316-87C9-4BDB-80F4-656F56505867}.Release|Any CPU.Build.0 = Release|Any CPU
		{6E1FB8DB-9F5A-46D8-9520-F6B26293FEF4}.Debug|Any CPU.ActiveCfg = Debug|Any CPU
		{6E1FB8DB-9F5A-46D8-9520-F6B26293FEF4}.Debug|Any CPU.Build.0 = Debug|Any CPU
		{6E1FB8DB-9F5A-46D8-9520-F6B26293FEF4}.Release|Any CPU.ActiveCfg = Release|Any CPU
		{6E1FB8DB-9F5A-46D8-9520-F6B26293FEF4}.Release|Any CPU.Build.0 = Release|Any CPU
		{CC917E33-6F55-4675-B719-F4F91CA6FE49}.Debug|Any CPU.ActiveCfg = Debug|Any CPU
		{CC917E33-6F55-4675-B719-F4F91CA6FE49}.Debug|Any CPU.Build.0 = Debug|Any CPU
		{CC917E33-6F55-4675-B719-F4F91CA6FE49}.Release|Any CPU.ActiveCfg = Release|Any CPU
		{CC917E33-6F55-4675-B719-F4F91CA6FE49}.Release|Any CPU.Build.0 = Release|Any CPU
		{CC032924-D7BE-479F-ACEC-C2C941DBB52D}.Debug|Any CPU.ActiveCfg = Debug|Any CPU
		{CC032924-D7BE-479F-ACEC-C2C941DBB52D}.Debug|Any CPU.Build.0 = Debug|Any CPU
		{CC032924-D7BE-479F-ACEC-C2C941DBB52D}.Release|Any CPU.ActiveCfg = Release|Any CPU
		{CC032924-D7BE-479F-ACEC-C2C941DBB52D}.Release|Any CPU.Build.0 = Release|Any CPU
		{5B2E3696-3F65-4947-8666-EB9E18E0B2E2}.Debug|Any CPU.ActiveCfg = Debug|Any CPU
		{5B2E3696-3F65-4947-8666-EB9E18E0B2E2}.Debug|Any CPU.Build.0 = Debug|Any CPU
		{5B2E3696-3F65-4947-8666-EB9E18E0B2E2}.Release|Any CPU.ActiveCfg = Release|Any CPU
		{5B2E3696-3F65-4947-8666-EB9E18E0B2E2}.Release|Any CPU.Build.0 = Release|Any CPU
		{0AE1D368-9F43-4E5D-83AB-978C3C337DD1}.Debug|Any CPU.ActiveCfg = Debug|Any CPU
		{0AE1D368-9F43-4E5D-83AB-978C3C337DD1}.Debug|Any CPU.Build.0 = Debug|Any CPU
		{0AE1D368-9F43-4E5D-83AB-978C3C337DD1}.Release|Any CPU.ActiveCfg = Release|Any CPU
		{0AE1D368-9F43-4E5D-83AB-978C3C337DD1}.Release|Any CPU.Build.0 = Release|Any CPU
	EndGlobalSection
	GlobalSection(SolutionProperties) = preSolution
		HideSolutionNode = FALSE
	EndGlobalSection
	GlobalSection(ExtensibilityGlobals) = postSolution
		SolutionGuid = {3906D026-92AC-45B8-9BFB-CE7A63F690D2}
	EndGlobalSection
EndGlobal
